
Microsoft Visual Studio Solution File, Format Version 12.00
# Visual Studio Version 17
VisualStudioVersion = 17.11.35303.130
MinimumVisualStudioVersion = 10.0.40219.1
Project("{FAE04EC0-301F-11D3-BF4B-00C04F79EFBC}") = "MehrStore", "MehrStore\MehrStore.csproj", "{61C16002-3BC5-466E-8826-76C1057D3396}"
EndProject
Global
	GlobalSection(SolutionConfigurationPlatforms) = preSolution
		Debug|Any CPU = Debug|Any CPU
		Release|Any CPU = Release|Any CPU
	EndGlobalSection
	GlobalSection(ProjectConfigurationPlatforms) = postSolution
		{61C16002-3BC5-466E-8826-76C1057D3396}.Debug|Any CPU.ActiveCfg = Debug|Any CPU
		{61C16002-3BC5-466E-8826-76C1057D3396}.Debug|Any CPU.Build.0 = Debug|Any CPU
		{61C16002-3BC5-466E-8826-76C1057D3396}.Release|Any CPU.ActiveCfg = Release|Any CPU
		{61C16002-3BC5-466E-8826-76C1057D3396}.Release|Any CPU.Build.0 = Release|Any CPU
	EndGlobalSection
	GlobalSection(SolutionProperties) = preSolution
		HideSolutionNode = FALSE
	EndGlobalSection
	GlobalSection(ExtensibilityGlobals) = postSolution
		SolutionGuid = {FBF3E2C9-F939-4F91-AA0A-CDE401CDC700}
	EndGlobalSection
EndGlobal
